
Microsoft Visual Studio Solution File, Format Version 12.00
# Visual Studio Version 17
VisualStudioVersion = 17.14.36414.22
MinimumVisualStudioVersion = 10.0.40219.1
Project("{FAE04EC0-301F-11D3-BF4B-00C04F79EFBC}") = "CowsAndBulls", "CowsAndBulls.csproj", "{F70A2262-0ACA-4D34-B5AE-ADBB61A0D9EA}"
EndProject
Project("{FAE04EC0-301F-11D3-BF4B-00C04F79EFBC}") = "CowsAndBulls.Tests", "..\CowsAndBulls.Tests\CowsAndBulls.Tests.csproj", "{DE092A4B-FFC8-460D-9028-2AF6B8072865}"
EndProject
Global
	GlobalSection(SolutionConfigurationPlatforms) = preSolution
		Debug|Any CPU = Debug|Any CPU
		Release|Any CPU = Release|Any CPU
	EndGlobalSection
	GlobalSection(ProjectConfigurationPlatforms) = postSolution
		{F70A2262-0ACA-4D34-B5AE-ADBB61A0D9EA}.Debug|Any CPU.ActiveCfg = Debug|Any CPU
		{F70A2262-0ACA-4D34-B5AE-ADBB61A0D9EA}.Debug|Any CPU.Build.0 = Debug|Any CPU
		{F70A2262-0ACA-4D34-B5AE-ADBB61A0D9EA}.Release|Any CPU.ActiveCfg = Release|Any CPU
		{F70A2262-0ACA-4D34-B5AE-ADBB61A0D9EA}.Release|Any CPU.Build.0 = Release|Any CPU
		{DE092A4B-FFC8-460D-9028-2AF6B8072865}.Debug|Any CPU.ActiveCfg = Debug|Any CPU
		{DE092A4B-FFC8-460D-9028-2AF6B8072865}.Debug|Any CPU.Build.0 = Debug|Any CPU
		{DE092A4B-FFC8-460D-9028-2AF6B8072865}.Release|Any CPU.ActiveCfg = Release|Any CPU
		{DE092A4B-FFC8-460D-9028-2AF6B8072865}.Release|Any CPU.Build.0 = Release|Any CPU
	EndGlobalSection
	GlobalSection(SolutionProperties) = preSolution
		HideSolutionNode = FALSE
	EndGlobalSection
	GlobalSection(ExtensibilityGlobals) = postSolution
		SolutionGuid = {45B50EF4-9519-4A68-8BA3-1C4FAF72E123}
	EndGlobalSection
EndGlobal
